// !$*UTF8*$!
{
	archiveVersion = 1;
	classes = {
	};
	objectVersion = 56;
	objects = {

/* Begin PBXBuildFile section */
		3D76CF5F35C9AA9D53D7CD7F /* Pods_SwipePhoto.framework in Frameworks */ = {isa = PBXBuildFile; fileRef = B0B088904992BC4FECD0D3C3 /* Pods_SwipePhoto.framework */; };
		73B8FD1C2B7E67CE00245BA5 /* AppDelegate.swift in Sources */ = {isa = PBXBuildFile; fileRef = 73B8FD1B2B7E67CE00245BA5 /* AppDelegate.swift */; };
		73B8FD1E2B7E67CE00245BA5 /* SceneDelegate.swift in Sources */ = {isa = PBXBuildFile; fileRef = 73B8FD1D2B7E67CE00245BA5 /* SceneDelegate.swift */; };
		73B8FD232B7E67CE00245BA5 /* Main.storyboard in Resources */ = {isa = PBXBuildFile; fileRef = 73B8FD212B7E67CE00245BA5 /* Main.storyboard */; };
		73B8FD252B7E67D000245BA5 /* Assets.xcassets in Resources */ = {isa = PBXBuildFile; fileRef = 73B8FD242B7E67D000245BA5 /* Assets.xcassets */; };
		73B8FD282B7E67D000245BA5 /* LaunchScreen.storyboard in Resources */ = {isa = PBXBuildFile; fileRef = 73B8FD262B7E67D000245BA5 /* LaunchScreen.storyboard */; };
		73B8FD362B7E67E200245BA5 /* SwipePhotoViewController.swift in Sources */ = {isa = PBXBuildFile; fileRef = 73B8FD2F2B7E67E200245BA5 /* SwipePhotoViewController.swift */; };
		73B8FD372B7E67E200245BA5 /* BounceButton.swift in Sources */ = {isa = PBXBuildFile; fileRef = 73B8FD302B7E67E200245BA5 /* BounceButton.swift */; };
		73B8FD382B7E67E200245BA5 /* CardModel.swift in Sources */ = {isa = PBXBuildFile; fileRef = 73B8FD312B7E67E200245BA5 /* CardModel.swift */; };
		73B8FD392B7E67E200245BA5 /* CardContentView.swift in Sources */ = {isa = PBXBuildFile; fileRef = 73B8FD322B7E67E200245BA5 /* CardContentView.swift */; };
		73B8FD3A2B7E67E200245BA5 /* CardOverlay.swift in Sources */ = {isa = PBXBuildFile; fileRef = 73B8FD332B7E67E200245BA5 /* CardOverlay.swift */; };
		73B8FD3B2B7E67E200245BA5 /* UIView+Extensions.swift in Sources */ = {isa = PBXBuildFile; fileRef = 73B8FD342B7E67E200245BA5 /* UIView+Extensions.swift */; };
		73B8FD3C2B7E67E200245BA5 /* CardFooterView.swift in Sources */ = {isa = PBXBuildFile; fileRef = 73B8FD352B7E67E200245BA5 /* CardFooterView.swift */; };
		73B8FD3E2B7E69A200245BA5 /* ButtonStackView.swift in Sources */ = {isa = PBXBuildFile; fileRef = 73B8FD3D2B7E69A200245BA5 /* ButtonStackView.swift */; };
/* End PBXBuildFile section */

/* Begin PBXFileReference section */
		73B8FD182B7E67CE00245BA5 /* SwipePhoto.app */ = {isa = PBXFileReference; explicitFileType = wrapper.application; includeInIndex = 0; path = SwipePhoto.app; sourceTree = BUILT_PRODUCTS_DIR; };
		73B8FD1B2B7E67CE00245BA5 /* AppDelegate.swift */ = {isa = PBXFileReference; lastKnownFileType = sourcecode.swift; path = AppDelegate.swift; sourceTree = "<group>"; };
		73B8FD1D2B7E67CE00245BA5 /* SceneDelegate.swift */ = {isa = PBXFileReference; lastKnownFileType = sourcecode.swift; path = SceneDelegate.swift; sourceTree = "<group>"; };
		73B8FD222B7E67CE00245BA5 /* Base */ = {isa = PBXFileReference; lastKnownFileType = file.storyboard; name = Base; path = Base.lproj/Main.storyboard; sourceTree = "<group>"; };
		73B8FD242B7E67D000245BA5 /* Assets.xcassets */ = {isa = PBXFileReference; lastKnownFileType = folder.assetcatalog; path = Assets.xcassets; sourceTree = "<group>"; };
		73B8FD272B7E67D000245BA5 /* Base */ = {isa = PBXFileReference; lastKnownFileType = file.storyboard; name = Base; path = Base.lproj/LaunchScreen.storyboard; sourceTree = "<group>"; };
		73B8FD292B7E67D000245BA5 /* Info.plist */ = {isa = PBXFileReference; lastKnownFileType = text.plist.xml; path = Info.plist; sourceTree = "<group>"; };
		73B8FD2F2B7E67E200245BA5 /* SwipePhotoViewController.swift */ = {isa = PBXFileReference; fileEncoding = 4; lastKnownFileType = sourcecode.swift; path = SwipePhotoViewController.swift; sourceTree = "<group>"; };
		73B8FD302B7E67E200245BA5 /* BounceButton.swift */ = {isa = PBXFileReference; fileEncoding = 4; lastKnownFileType = sourcecode.swift; path = BounceButton.swift; sourceTree = "<group>"; };
		73B8FD312B7E67E200245BA5 /* CardModel.swift */ = {isa = PBXFileReference; fileEncoding = 4; lastKnownFileType = sourcecode.swift; path = CardModel.swift; sourceTree = "<group>"; };
		73B8FD322B7E67E200245BA5 /* CardContentView.swift */ = {isa = PBXFileReference; fileEncoding = 4; lastKnownFileType = sourcecode.swift; path = CardContentView.swift; sourceTree = "<group>"; };
		73B8FD332B7E67E200245BA5 /* CardOverlay.swift */ = {isa = PBXFileReference; fileEncoding = 4; lastKnownFileType = sourcecode.swift; path = CardOverlay.swift; sourceTree = "<group>"; };
		73B8FD342B7E67E200245BA5 /* UIView+Extensions.swift */ = {isa = PBXFileReference; fileEncoding = 4; lastKnownFileType = sourcecode.swift; path = "UIView+Extensions.swift"; sourceTree = "<group>"; };
		73B8FD352B7E67E200245BA5 /* CardFooterView.swift */ = {isa = PBXFileReference; fileEncoding = 4; lastKnownFileType = sourcecode.swift; path = CardFooterView.swift; sourceTree = "<group>"; };
		73B8FD3D2B7E69A200245BA5 /* ButtonStackView.swift */ = {isa = PBXFileReference; fileEncoding = 4; lastKnownFileType = sourcecode.swift; path = ButtonStackView.swift; sourceTree = "<group>"; };
		76CCDCB9034EF90288AB046E /* Pods-SwipePhotos.debug.xcconfig */ = {isa = PBXFileReference; includeInIndex = 1; lastKnownFileType = text.xcconfig; name = "Pods-SwipePhotos.debug.xcconfig"; path = "Target Support Files/Pods-SwipePhotos/Pods-SwipePhotos.debug.xcconfig"; sourceTree = "<group>"; };
		9708AEE1C0C06F1C129A3C0D /* Pods-SwipePhotos.release.xcconfig */ = {isa = PBXFileReference; includeInIndex = 1; lastKnownFileType = text.xcconfig; name = "Pods-SwipePhotos.release.xcconfig"; path = "Target Support Files/Pods-SwipePhotos/Pods-SwipePhotos.release.xcconfig"; sourceTree = "<group>"; };
		B0B088904992BC4FECD0D3C3 /* Pods_SwipePhoto.framework */ = {isa = PBXFileReference; explicitFileType = wrapper.framework; includeInIndex = 0; path = Pods_SwipePhoto.framework; sourceTree = BUILT_PRODUCTS_DIR; };
		BCF0057ACB58008C98955164 /* Pods-SwipePhoto.debug.xcconfig */ = {isa = PBXFileReference; includeInIndex = 1; lastKnownFileType = text.xcconfig; name = "Pods-SwipePhoto.debug.xcconfig"; path = "Target Support Files/Pods-SwipePhoto/Pods-SwipePhoto.debug.xcconfig"; sourceTree = "<group>"; };
		CEBDEB379F834B78F777B160 /* Pods-SwipePhoto.release.xcconfig */ = {isa = PBXFileReference; includeInIndex = 1; lastKnownFileType = text.xcconfig; name = "Pods-SwipePhoto.release.xcconfig"; path = "Target Support Files/Pods-SwipePhoto/Pods-SwipePhoto.release.xcconfig"; sourceTree = "<group>"; };
/* End PBXFileReference section */

/* Begin PBXFrameworksBuildPhase section */
		73B8FD152B7E67CE00245BA5 /* Frameworks */ = {
			isa = PBXFrameworksBuildPhase;
			buildActionMask = 2147483647;
			files = (
				3D76CF5F35C9AA9D53D7CD7F /* Pods_SwipePhoto.framework in Frameworks */,
			);
			runOnlyForDeploymentPostprocessing = 0;
		};
/* End PBXFrameworksBuildPhase section */

/* Begin PBXGroup section */
		73B8FD0F2B7E67CE00245BA5 = {
			isa = PBXGroup;
			children = (
				73B8FD1A2B7E67CE00245BA5 /* SwipePhoto */,
				73B8FD192B7E67CE00245BA5 /* Products */,
				9D3E155763C58F4EBC995434 /* Pods */,
				C5C02782C5ACACBBCF3A966E /* Frameworks */,
			);
			sourceTree = "<group>";
		};
		73B8FD192B7E67CE00245BA5 /* Products */ = {
			isa = PBXGroup;
			children = (
				73B8FD182B7E67CE00245BA5 /* SwipePhoto.app */,
			);
			name = Products;
			sourceTree = "<group>";
		};
		73B8FD1A2B7E67CE00245BA5 /* SwipePhoto */ = {
			isa = PBXGroup;
			children = (
				73B8FD3F2B7E7FCA00245BA5 /* AppDelegate */,
				73B8FD412B7E7FFE00245BA5 /* LaunchScreen */,
				73B8FD402B7E7FDD00245BA5 /* Storyboards */,
				73B8FD432B7E804700245BA5 /* DesignSystem */,
				73B8FD442B7E80BD00245BA5 /* Extensions */,
				73B8FD422B7E801300245BA5 /* Assets */,
				73B8FD292B7E67D000245BA5 /* Info.plist */,
			);
			path = SwipePhoto;
			sourceTree = "<group>";
		};
		73B8FD3F2B7E7FCA00245BA5 /* AppDelegate */ = {
			isa = PBXGroup;
			children = (
				73B8FD1B2B7E67CE00245BA5 /* AppDelegate.swift */,
				73B8FD1D2B7E67CE00245BA5 /* SceneDelegate.swift */,
			);
			path = AppDelegate;
			sourceTree = "<group>";
		};
		73B8FD402B7E7FDD00245BA5 /* Storyboards */ = {
			isa = PBXGroup;
			children = (
				73B8FD212B7E67CE00245BA5 /* Main.storyboard */,
			);
			path = Storyboards;
			sourceTree = "<group>";
		};
		73B8FD412B7E7FFE00245BA5 /* LaunchScreen */ = {
			isa = PBXGroup;
			children = (
				73B8FD262B7E67D000245BA5 /* LaunchScreen.storyboard */,
			);
			path = LaunchScreen;
			sourceTree = "<group>";
		};
		73B8FD422B7E801300245BA5 /* Assets */ = {
			isa = PBXGroup;
			children = (
				73B8FD242B7E67D000245BA5 /* Assets.xcassets */,
			);
			path = Assets;
			sourceTree = "<group>";
		};
		73B8FD432B7E804700245BA5 /* DesignSystem */ = {
			isa = PBXGroup;
			children = (
				73B8FD452B7E80D100245BA5 /* SwipePhotoViewController */,
				73B8FD302B7E67E200245BA5 /* BounceButton.swift */,
				73B8FD322B7E67E200245BA5 /* CardContentView.swift */,
				73B8FD352B7E67E200245BA5 /* CardFooterView.swift */,
				73B8FD3D2B7E69A200245BA5 /* ButtonStackView.swift */,
				73B8FD312B7E67E200245BA5 /* CardModel.swift */,
				73B8FD332B7E67E200245BA5 /* CardOverlay.swift */,
			);
			path = DesignSystem;
			sourceTree = "<group>";
		};
		73B8FD442B7E80BD00245BA5 /* Extensions */ = {
			isa = PBXGroup;
			children = (
				73B8FD342B7E67E200245BA5 /* UIView+Extensions.swift */,
			);
			path = Extensions;
			sourceTree = "<group>";
		};
		73B8FD452B7E80D100245BA5 /* SwipePhotoViewController */ = {
			isa = PBXGroup;
			children = (
				73B8FD2F2B7E67E200245BA5 /* SwipePhotoViewController.swift */,
			);
			path = SwipePhotoViewController;
			sourceTree = "<group>";
		};
		9D3E155763C58F4EBC995434 /* Pods */ = {
			isa = PBXGroup;
			children = (
				76CCDCB9034EF90288AB046E /* Pods-SwipePhotos.debug.xcconfig */,
				9708AEE1C0C06F1C129A3C0D /* Pods-SwipePhotos.release.xcconfig */,
				BCF0057ACB58008C98955164 /* Pods-SwipePhoto.debug.xcconfig */,
				CEBDEB379F834B78F777B160 /* Pods-SwipePhoto.release.xcconfig */,
			);
			path = Pods;
			sourceTree = "<group>";
		};
		C5C02782C5ACACBBCF3A966E /* Frameworks */ = {
			isa = PBXGroup;
			children = (
				B0B088904992BC4FECD0D3C3 /* Pods_SwipePhoto.framework */,
			);
			name = Frameworks;
			sourceTree = "<group>";
		};
/* End PBXGroup section */

/* Begin PBXNativeTarget section */
		73B8FD172B7E67CE00245BA5 /* SwipePhoto */ = {
			isa = PBXNativeTarget;
			buildConfigurationList = 73B8FD2C2B7E67D000245BA5 /* Build configuration list for PBXNativeTarget "SwipePhoto" */;
			buildPhases = (
				1625B46D93626A05319F2BE9 /* [CP] Check Pods Manifest.lock */,
				73B8FD142B7E67CE00245BA5 /* Sources */,
				73B8FD152B7E67CE00245BA5 /* Frameworks */,
				73B8FD162B7E67CE00245BA5 /* Resources */,
				4B3BFF7E6C31E31BD5621880 /* [CP] Embed Pods Frameworks */,
			);
			buildRules = (
			);
			dependencies = (
			);
			name = SwipePhoto;
			productName = SwipePhotos;
			productReference = 73B8FD182B7E67CE00245BA5 /* SwipePhoto.app */;
			productType = "com.apple.product-type.application";
		};
/* End PBXNativeTarget section */

/* Begin PBXProject section */
		73B8FD102B7E67CE00245BA5 /* Project object */ = {
			isa = PBXProject;
			attributes = {
				BuildIndependentTargetsInParallel = 1;
				LastSwiftUpdateCheck = 1510;
				LastUpgradeCheck = 1510;
				TargetAttributes = {
					73B8FD172B7E67CE00245BA5 = {
						CreatedOnToolsVersion = 15.1;
					};
				};
			};
			buildConfigurationList = 73B8FD132B7E67CE00245BA5 /* Build configuration list for PBXProject "SwipePhoto" */;
			compatibilityVersion = "Xcode 14.0";
			developmentRegion = en;
			hasScannedForEncodings = 0;
			knownRegions = (
				en,
				Base,
			);
			mainGroup = 73B8FD0F2B7E67CE00245BA5;
			productRefGroup = 73B8FD192B7E67CE00245BA5 /* Products */;
			projectDirPath = "";
			projectRoot = "";
			targets = (
				73B8FD172B7E67CE00245BA5 /* SwipePhoto */,
			);
		};
/* End PBXProject section */

/* Begin PBXResourcesBuildPhase section */
		73B8FD162B7E67CE00245BA5 /* Resources */ = {
			isa = PBXResourcesBuildPhase;
			buildActionMask = 2147483647;
			files = (
				73B8FD282B7E67D000245BA5 /* LaunchScreen.storyboard in Resources */,
				73B8FD252B7E67D000245BA5 /* Assets.xcassets in Resources */,
				73B8FD232B7E67CE00245BA5 /* Main.storyboard in Resources */,
			);
			runOnlyForDeploymentPostprocessing = 0;
		};
/* End PBXResourcesBuildPhase section */

/* Begin PBXShellScriptBuildPhase section */
		1625B46D93626A05319F2BE9 /* [CP] Check Pods Manifest.lock */ = {
			isa = PBXShellScriptBuildPhase;
			buildActionMask = 2147483647;
			files = (
			);
			inputFileListPaths = (
			);
			inputPaths = (
				"${PODS_PODFILE_DIR_PATH}/Podfile.lock",
				"${PODS_ROOT}/Manifest.lock",
			);
			name = "[CP] Check Pods Manifest.lock";
			outputFileListPaths = (
			);
			outputPaths = (
				"$(DERIVED_FILE_DIR)/Pods-SwipePhoto-checkManifestLockResult.txt",
			);
			runOnlyForDeploymentPostprocessing = 0;
			shellPath = /bin/sh;
			shellScript = "diff \"${PODS_PODFILE_DIR_PATH}/Podfile.lock\" \"${PODS_ROOT}/Manifest.lock\" > /dev/null\nif [ $? != 0 ] ; then\n    # print error to STDERR\n    echo \"error: The sandbox is not in sync with the Podfile.lock. Run 'pod install' or update your CocoaPods installation.\" >&2\n    exit 1\nfi\n# This output is used by Xcode 'outputs' to avoid re-running this script phase.\necho \"SUCCESS\" > \"${SCRIPT_OUTPUT_FILE_0}\"\n";
			showEnvVarsInLog = 0;
		};
		4B3BFF7E6C31E31BD5621880 /* [CP] Embed Pods Frameworks */ = {
			isa = PBXShellScriptBuildPhase;
			buildActionMask = 2147483647;
			files = (
			);
			inputFileListPaths = (
				"${PODS_ROOT}/Target Support Files/Pods-SwipePhoto/Pods-SwipePhoto-frameworks-${CONFIGURATION}-input-files.xcfilelist",
			);
			name = "[CP] Embed Pods Frameworks";
			outputFileListPaths = (
				"${PODS_ROOT}/Target Support Files/Pods-SwipePhoto/Pods-SwipePhoto-frameworks-${CONFIGURATION}-output-files.xcfilelist",
			);
			runOnlyForDeploymentPostprocessing = 0;
			shellPath = /bin/sh;
			shellScript = "\"${PODS_ROOT}/Target Support Files/Pods-SwipePhoto/Pods-SwipePhoto-frameworks.sh\"\n";
			showEnvVarsInLog = 0;
		};
/* End PBXShellScriptBuildPhase section */

/* Begin PBXSourcesBuildPhase section */
		73B8FD142B7E67CE00245BA5 /* Sources */ = {
			isa = PBXSourcesBuildPhase;
			buildActionMask = 2147483647;
			files = (
				73B8FD3C2B7E67E200245BA5 /* CardFooterView.swift in Sources */,
				73B8FD382B7E67E200245BA5 /* CardModel.swift in Sources */,
				73B8FD372B7E67E200245BA5 /* BounceButton.swift in Sources */,
				73B8FD3B2B7E67E200245BA5 /* UIView+Extensions.swift in Sources */,
				73B8FD3E2B7E69A200245BA5 /* ButtonStackView.swift in Sources */,
				73B8FD1C2B7E67CE00245BA5 /* AppDelegate.swift in Sources */,
				73B8FD3A2B7E67E200245BA5 /* CardOverlay.swift in Sources */,
				73B8FD362B7E67E200245BA5 /* SwipePhotoViewController.swift in Sources */,
				73B8FD1E2B7E67CE00245BA5 /* SceneDelegate.swift in Sources */,
				73B8FD392B7E67E200245BA5 /* CardContentView.swift in Sources */,
			);
			runOnlyForDeploymentPostprocessing = 0;
		};
/* End PBXSourcesBuildPhase section */

/* Begin PBXVariantGroup section */
		73B8FD212B7E67CE00245BA5 /* Main.storyboard */ = {
			isa = PBXVariantGroup;
			children = (
				73B8FD222B7E67CE00245BA5 /* Base */,
			);
			name = Main.storyboard;
			sourceTree = "<group>";
		};
		73B8FD262B7E67D000245BA5 /* LaunchScreen.storyboard */ = {
			isa = PBXVariantGroup;
			children = (
				73B8FD272B7E67D000245BA5 /* Base */,
			);
			name = LaunchScreen.storyboard;
			sourceTree = "<group>";
		};
/* End PBXVariantGroup section */

/* Begin XCBuildConfiguration section */
		73B8FD2A2B7E67D000245BA5 /* Debug */ = {
			isa = XCBuildConfiguration;
			buildSettings = {
				ALWAYS_SEARCH_USER_PATHS = NO;
				ASSETCATALOG_COMPILER_GENERATE_SWIFT_ASSET_SYMBOL_EXTENSIONS = YES;
				CLANG_ANALYZER_NONNULL = YES;
				CLANG_ANALYZER_NUMBER_OBJECT_CONVERSION = YES_AGGRESSIVE;
				CLANG_CXX_LANGUAGE_STANDARD = "gnu++20";
				CLANG_ENABLE_MODULES = YES;
				CLANG_ENABLE_OBJC_ARC = YES;
				CLANG_ENABLE_OBJC_WEAK = YES;
				CLANG_WARN_BLOCK_CAPTURE_AUTORELEASING = YES;
				CLANG_WARN_BOOL_CONVERSION = YES;
				CLANG_WARN_COMMA = YES;
				CLANG_WARN_CONSTANT_CONVERSION = YES;
				CLANG_WARN_DEPRECATED_OBJC_IMPLEMENTATIONS = YES;
				CLANG_WARN_DIRECT_OBJC_ISA_USAGE = YES_ERROR;
				CLANG_WARN_DOCUMENTATION_COMMENTS = YES;
				CLANG_WARN_EMPTY_BODY = YES;
				CLANG_WARN_ENUM_CONVERSION = YES;
				CLANG_WARN_INFINITE_RECURSION = YES;
				CLANG_WARN_INT_CONVERSION = YES;
				CLANG_WARN_NON_LITERAL_NULL_CONVERSION = YES;
				CLANG_WARN_OBJC_IMPLICIT_RETAIN_SELF = YES;
				CLANG_WARN_OBJC_LITERAL_CONVERSION = YES;
				CLANG_WARN_OBJC_ROOT_CLASS = YES_ERROR;
				CLANG_WARN_QUOTED_INCLUDE_IN_FRAMEWORK_HEADER = YES;
				CLANG_WARN_RANGE_LOOP_ANALYSIS = YES;
				CLANG_WARN_STRICT_PROTOTYPES = YES;
				CLANG_WARN_SUSPICIOUS_MOVE = YES;
				CLANG_WARN_UNGUARDED_AVAILABILITY = YES_AGGRESSIVE;
				CLANG_WARN_UNREACHABLE_CODE = YES;
				CLANG_WARN__DUPLICATE_METHOD_MATCH = YES;
				COPY_PHASE_STRIP = NO;
				DEBUG_INFORMATION_FORMAT = dwarf;
				ENABLE_STRICT_OBJC_MSGSEND = YES;
				ENABLE_TESTABILITY = YES;
				ENABLE_USER_SCRIPT_SANDBOXING = NO;
				GCC_C_LANGUAGE_STANDARD = gnu17;
				GCC_DYNAMIC_NO_PIC = NO;
				GCC_NO_COMMON_BLOCKS = YES;
				GCC_OPTIMIZATION_LEVEL = 0;
				GCC_PREPROCESSOR_DEFINITIONS = (
					"DEBUG=1",
					"$(inherited)",
				);
				GCC_WARN_64_TO_32_BIT_CONVERSION = YES;
				GCC_WARN_ABOUT_RETURN_TYPE = YES_ERROR;
				GCC_WARN_UNDECLARED_SELECTOR = YES;
				GCC_WARN_UNINITIALIZED_AUTOS = YES_AGGRESSIVE;
				GCC_WARN_UNUSED_FUNCTION = YES;
				GCC_WARN_UNUSED_VARIABLE = YES;
				IPHONEOS_DEPLOYMENT_TARGET = 17.2;
				LOCALIZATION_PREFERS_STRING_CATALOGS = YES;
				MTL_ENABLE_DEBUG_INFO = INCLUDE_SOURCE;
				MTL_FAST_MATH = YES;
				ONLY_ACTIVE_ARCH = YES;
				SDKROOT = iphoneos;
				SWIFT_ACTIVE_COMPILATION_CONDITIONS = "DEBUG $(inherited)";
				SWIFT_OPTIMIZATION_LEVEL = "-Onone";
			};
			name = Debug;
		};
		73B8FD2B2B7E67D000245BA5 /* Release */ = {
			isa = XCBuildConfiguration;
			buildSettings = {
				ALWAYS_SEARCH_USER_PATHS = NO;
				ASSETCATALOG_COMPILER_GENERATE_SWIFT_ASSET_SYMBOL_EXTENSIONS = YES;
				CLANG_ANALYZER_NONNULL = YES;
				CLANG_ANALYZER_NUMBER_OBJECT_CONVERSION = YES_AGGRESSIVE;
				CLANG_CXX_LANGUAGE_STANDARD = "gnu++20";
				CLANG_ENABLE_MODULES = YES;
				CLANG_ENABLE_OBJC_ARC = YES;
				CLANG_ENABLE_OBJC_WEAK = YES;
				CLANG_WARN_BLOCK_CAPTURE_AUTORELEASING = YES;
				CLANG_WARN_BOOL_CONVERSION = YES;
				CLANG_WARN_COMMA = YES;
				CLANG_WARN_CONSTANT_CONVERSION = YES;
				CLANG_WARN_DEPRECATED_OBJC_IMPLEMENTATIONS = YES;
				CLANG_WARN_DIRECT_OBJC_ISA_USAGE = YES_ERROR;
				CLANG_WARN_DOCUMENTATION_COMMENTS = YES;
				CLANG_WARN_EMPTY_BODY = YES;
				CLANG_WARN_ENUM_CONVERSION = YES;
				CLANG_WARN_INFINITE_RECURSION = YES;
				CLANG_WARN_INT_CONVERSION = YES;
				CLANG_WARN_NON_LITERAL_NULL_CONVERSION = YES;
				CLANG_WARN_OBJC_IMPLICIT_RETAIN_SELF = YES;
				CLANG_WARN_OBJC_LITERAL_CONVERSION = YES;
				CLANG_WARN_OBJC_ROOT_CLASS = YES_ERROR;
				CLANG_WARN_QUOTED_INCLUDE_IN_FRAMEWORK_HEADER = YES;
				CLANG_WARN_RANGE_LOOP_ANALYSIS = YES;
				CLANG_WARN_STRICT_PROTOTYPES = YES;
				CLANG_WARN_SUSPICIOUS_MOVE = YES;
				CLANG_WARN_UNGUARDED_AVAILABILITY = YES_AGGRESSIVE;
				CLANG_WARN_UNREACHABLE_CODE = YES;
				CLANG_WARN__DUPLICATE_METHOD_MATCH = YES;
				COPY_PHASE_STRIP = NO;
				DEBUG_INFORMATION_FORMAT = "dwarf-with-dsym";
				ENABLE_NS_ASSERTIONS = NO;
				ENABLE_STRICT_OBJC_MSGSEND = YES;
				ENABLE_USER_SCRIPT_SANDBOXING = NO;
				GCC_C_LANGUAGE_STANDARD = gnu17;
				GCC_NO_COMMON_BLOCKS = YES;
				GCC_WARN_64_TO_32_BIT_CONVERSION = YES;
				GCC_WARN_ABOUT_RETURN_TYPE = YES_ERROR;
				GCC_WARN_UNDECLARED_SELECTOR = YES;
				GCC_WARN_UNINITIALIZED_AUTOS = YES_AGGRESSIVE;
				GCC_WARN_UNUSED_FUNCTION = YES;
				GCC_WARN_UNUSED_VARIABLE = YES;
				IPHONEOS_DEPLOYMENT_TARGET = 17.2;
				LOCALIZATION_PREFERS_STRING_CATALOGS = YES;
				MTL_ENABLE_DEBUG_INFO = NO;
				MTL_FAST_MATH = YES;
				SDKROOT = iphoneos;
				SWIFT_COMPILATION_MODE = wholemodule;
				VALIDATE_PRODUCT = YES;
			};
			name = Release;
		};
		73B8FD2D2B7E67D000245BA5 /* Debug */ = {
			isa = XCBuildConfiguration;
			baseConfigurationReference = BCF0057ACB58008C98955164 /* Pods-SwipePhoto.debug.xcconfig */;
			buildSettings = {
				ASSETCATALOG_COMPILER_APPICON_NAME = AppIcon;
				ASSETCATALOG_COMPILER_GLOBAL_ACCENT_COLOR_NAME = AccentColor;
				CODE_SIGN_STYLE = Automatic;
				CURRENT_PROJECT_VERSION = 1;
				DEVELOPMENT_TEAM = N47NT3K6N8;
				GENERATE_INFOPLIST_FILE = YES;
				INFOPLIST_FILE = SwipePhoto/Info.plist;
				INFOPLIST_KEY_UIApplicationSupportsIndirectInputEvents = YES;
				INFOPLIST_KEY_UILaunchStoryboardName = LaunchScreen;
				INFOPLIST_KEY_UIMainStoryboardFile = Main;
				INFOPLIST_KEY_UISupportedInterfaceOrientations_iPad = "UIInterfaceOrientationPortrait UIInterfaceOrientationPortraitUpsideDown UIInterfaceOrientationLandscapeLeft UIInterfaceOrientationLandscapeRight";
				INFOPLIST_KEY_UISupportedInterfaceOrientations_iPhone = "UIInterfaceOrientationPortrait UIInterfaceOrientationLandscapeLeft UIInterfaceOrientationLandscapeRight";
				IPHONEOS_DEPLOYMENT_TARGET = 15.0;
				LD_RUNPATH_SEARCH_PATHS = (
					"$(inherited)",
					"@executable_path/Frameworks",
				);
				MARKETING_VERSION = 1.0;
				PRODUCT_BUNDLE_IDENTIFIER = com.spencershwetz.SwipePhoto;
				PRODUCT_NAME = "$(TARGET_NAME)";
				SWIFT_EMIT_LOC_STRINGS = YES;
				SWIFT_VERSION = 5.0;
				TARGETED_DEVICE_FAMILY = "1,2";
			};
			name = Debug;
		};
		73B8FD2E2B7E67D000245BA5 /* Release */ = {
			isa = XCBuildConfiguration;
			baseConfigurationReference = CEBDEB379F834B78F777B160 /* Pods-SwipePhoto.release.xcconfig */;
			buildSettings = {
				ASSETCATALOG_COMPILER_APPICON_NAME = AppIcon;
				ASSETCATALOG_COMPILER_GLOBAL_ACCENT_COLOR_NAME = AccentColor;
				CODE_SIGN_STYLE = Automatic;
				CURRENT_PROJECT_VERSION = 1;
				DEVELOPMENT_TEAM = N47NT3K6N8;
				GENERATE_INFOPLIST_FILE = YES;
				INFOPLIST_FILE = SwipePhoto/Info.plist;
				INFOPLIST_KEY_UIApplicationSupportsIndirectInputEvents = YES;
				INFOPLIST_KEY_UILaunchStoryboardName = LaunchScreen;
				INFOPLIST_KEY_UIMainStoryboardFile = Main;
				INFOPLIST_KEY_UISupportedInterfaceOrientations_iPad = "UIInterfaceOrientationPortrait UIInterfaceOrientationPortraitUpsideDown UIInterfaceOrientationLandscapeLeft UIInterfaceOrientationLandscapeRight";
				INFOPLIST_KEY_UISupportedInterfaceOrientations_iPhone = "UIInterfaceOrientationPortrait UIInterfaceOrientationLandscapeLeft UIInterfaceOrientationLandscapeRight";
				IPHONEOS_DEPLOYMENT_TARGET = 15.0;
				LD_RUNPATH_SEARCH_PATHS = (
					"$(inherited)",
					"@executable_path/Frameworks",
				);
				MARKETING_VERSION = 1.0;
				PRODUCT_BUNDLE_IDENTIFIER = com.spencershwetz.SwipePhoto;
				PRODUCT_NAME = "$(TARGET_NAME)";
				SWIFT_EMIT_LOC_STRINGS = YES;
				SWIFT_VERSION = 5.0;
				TARGETED_DEVICE_FAMILY = "1,2";
			};
			name = Release;
		};
/* End XCBuildConfiguration section */

/* Begin XCConfigurationList section */
		73B8FD132B7E67CE00245BA5 /* Build configuration list for PBXProject "SwipePhoto" */ = {
			isa = XCConfigurationList;
			buildConfigurations = (
				73B8FD2A2B7E67D000245BA5 /* Debug */,
				73B8FD2B2B7E67D000245BA5 /* Release */,
			);
			defaultConfigurationIsVisible = 0;
			defaultConfigurationName = Release;
		};
		73B8FD2C2B7E67D000245BA5 /* Build configuration list for PBXNativeTarget "SwipePhoto" */ = {
			isa = XCConfigurationList;
			buildConfigurations = (
				73B8FD2D2B7E67D000245BA5 /* Debug */,
				73B8FD2E2B7E67D000245BA5 /* Release */,
			);
			defaultConfigurationIsVisible = 0;
			defaultConfigurationName = Release;
		};
/* End XCConfigurationList section */
	};
	rootObject = 73B8FD102B7E67CE00245BA5 /* Project object */;
}
